Microsoft Visual Studio Solution File, Format Version 12.00
# Visual Studio Version 17
VisualStudioVersion = 17.11.35208.52
MinimumVisualStudioVersion = 10.0.40219.1
Project("{FAE04EC0-301F-11D3-BF4B-00C04F79EFBC}") = "DevLearningHub.Api", "DevLearningHub.Api\DevLearningHub.Api.csproj", "{854BCE42-0477-4997-889E-292A9F9C8310}"
EndProject
Project("{FAE04EC0-301F-11D3-BF4B-00C04F79EFBC}") = "DevLearningHub.Test", "DevLearningHub.Test\DevLearningHub.Test.csproj", "{8CB08BA5-3B22-4DA5-8FC0-13DFB92AEA21}"
EndProject
Global
	GlobalSection(SolutionConfigurationPlatforms) = preSolution
		Debug|Any CPU = Debug|Any CPU
		Release|Any CPU = Release|Any CPU
	EndGlobalSection
	GlobalSection(ProjectConfigurationPlatforms) = postSolution
		{854BCE42-0477-4997-889E-292A9F9C8310}.Debug|Any CPU.ActiveCfg = Debug|Any CPU
		{854BCE42-0477-4997-889E-292A9F9C8310}.Debug|Any CPU.Build.0 = Debug|Any CPU
		{854BCE42-0477-4997-889E-292A9F9C8310}.Release|Any CPU.ActiveCfg = Release|Any CPU
		{854BCE42-0477-4997-889E-292A9F9C8310}.Release|Any CPU.Build.0 = Release|Any CPU
		{8CB08BA5-3B22-4DA5-8FC0-13DFB92AEA21}.Debug|Any CPU.ActiveCfg = Debug|Any CPU
		{8CB08BA5-3B22-4DA5-8FC0-13DFB92AEA21}.Debug|Any CPU.Build.0 = Debug|Any CPU
		{8CB08BA5-3B22-4DA5-8FC0-13DFB92AEA21}.Release|Any CPU.ActiveCfg = Release|Any CPU
		{8CB08BA5-3B22-4DA5-8FC0-13DFB92AEA21}.Release|Any CPU.Build.0 = Release|Any CPU
	EndGlobalSection
	GlobalSection(SolutionProperties) = preSolution
		HideSolutionNode = FALSE
	EndGlobalSection
	GlobalSection(ExtensibilityGlobals) = postSolution
		SolutionGuid = {83EEBBA4-BC54-4439-8F44-C2DF762FDB35}
	EndGlobalSection
EndGlobal
